// !$*UTF8*$!
{
	archiveVersion = 1;
	classes = {
	};
	objectVersion = 56;
	objects = {

/* Begin PBXBuildFile section */
		A221CF3D2AD6DBC6005EB869 /* AppDelegate.swift in Sources */ = {isa = PBXBuildFile; fileRef = A221CF3C2AD6DBC6005EB869 /* AppDelegate.swift */; };
		A221CF3F2AD6DBC6005EB869 /* SceneDelegate.swift in Sources */ = {isa = PBXBuildFile; fileRef = A221CF3E2AD6DBC6005EB869 /* SceneDelegate.swift */; };
		A221CF412AD6DBC6005EB869 /* ViewController.swift in Sources */ = {isa = PBXBuildFile; fileRef = A221CF402AD6DBC6005EB869 /* ViewController.swift */; };
		A221CF442AD6DBC6005EB869 /* Main.storyboard in Resources */ = {isa = PBXBuildFile; fileRef = A221CF422AD6DBC6005EB869 /* Main.storyboard */; };
		A221CF462AD6DBC7005EB869 /* Assets.xcassets in Resources */ = {isa = PBXBuildFile; fileRef = A221CF452AD6DBC7005EB869 /* Assets.xcassets */; };
		A221CF492AD6DBC7005EB869 /* LaunchScreen.storyboard in Resources */ = {isa = PBXBuildFile; fileRef = A221CF472AD6DBC7005EB869 /* LaunchScreen.storyboard */; };
		A221CF522AD6EDAB005EB869 /* MainCollectionViewCell.swift in Sources */ = {isa = PBXBuildFile; fileRef = A221CF502AD6EDAB005EB869 /* MainCollectionViewCell.swift */; };
		A221CF532AD6EDAB005EB869 /* MainCollectionViewCell.xib in Resources */ = {isa = PBXBuildFile; fileRef = A221CF512AD6EDAB005EB869 /* MainCollectionViewCell.xib */; };
/* End PBXBuildFile section */

/* Begin PBXFileReference section */
		A221CF392AD6DBC6005EB869 /* CustomCollectionViewPractice.app */ = {isa = PBXFileReference; explicitFileType = wrapper.application; includeInIndex = 0; path = CustomCollectionViewPractice.app; sourceTree = BUILT_PRODUCTS_DIR; };
		A221CF3C2AD6DBC6005EB869 /* AppDelegate.swift */ = {isa = PBXFileReference; lastKnownFileType = sourcecode.swift; path = AppDelegate.swift; sourceTree = "<group>"; };
		A221CF3E2AD6DBC6005EB869 /* SceneDelegate.swift */ = {isa = PBXFileReference; lastKnownFileType = sourcecode.swift; path = SceneDelegate.swift; sourceTree = "<group>"; };
		A221CF402AD6DBC6005EB869 /* ViewController.swift */ = {isa = PBXFileReference; lastKnownFileType = sourcecode.swift; path = ViewController.swift; sourceTree = "<group>"; };
		A221CF432AD6DBC6005EB869 /* Base */ = {isa = PBXFileReference; lastKnownFileType = file.storyboard; name = Base; path = Base.lproj/Main.storyboard; sourceTree = "<group>"; };
		A221CF452AD6DBC7005EB869 /* Assets.xcassets */ = {isa = PBXFileReference; lastKnownFileType = folder.assetcatalog; path = Assets.xcassets; sourceTree = "<group>"; };
		A221CF482AD6DBC7005EB869 /* Base */ = {isa = PBXFileReference; lastKnownFileType = file.storyboard; name = Base; path = Base.lproj/LaunchScreen.storyboard; sourceTree = "<group>"; };
		A221CF4A2AD6DBC7005EB869 /* Info.plist */ = {isa = PBXFileReference; lastKnownFileType = text.plist.xml; path = Info.plist; sourceTree = "<group>"; };
		A221CF502AD6EDAB005EB869 /* MainCollectionViewCell.swift */ = {isa = PBXFileReference; lastKnownFileType = sourcecode.swift; path = MainCollectionViewCell.swift; sourceTree = "<group>"; };
		A221CF512AD6EDAB005EB869 /* MainCollectionViewCell.xib */ = {isa = PBXFileReference; lastKnownFileType = file.xib; path = MainCollectionViewCell.xib; sourceTree = "<group>"; };
/* End PBXFileReference section */

/* Begin PBXFrameworksBuildPhase section */
		A221CF362AD6DBC6005EB869 /* Frameworks */ = {
			isa = PBXFrameworksBuildPhase;
			buildActionMask = 2147483647;
			files = (
			);
			runOnlyForDeploymentPostprocessing = 0;
		};
/* End PBXFrameworksBuildPhase section */

/* Begin PBXGroup section */
		A221CF302AD6DBC6005EB869 = {
			isa = PBXGroup;
			children = (
				A221CF3B2AD6DBC6005EB869 /* CustomCollectionViewPractice */,
				A221CF3A2AD6DBC6005EB869 /* Products */,
			);
			sourceTree = "<group>";
		};
		A221CF3A2AD6DBC6005EB869 /* Products */ = {
			isa = PBXGroup;
			children = (
				A221CF392AD6DBC6005EB869 /* CustomCollectionViewPractice.app */,
			);
			name = Products;
			sourceTree = "<group>";
		};
		A221CF3B2AD6DBC6005EB869 /* CustomCollectionViewPractice */ = {
			isa = PBXGroup;
			children = (
				A221CF3C2AD6DBC6005EB869 /* AppDelegate.swift */,
				A221CF3E2AD6DBC6005EB869 /* SceneDelegate.swift */,
				A221CF402AD6DBC6005EB869 /* ViewController.swift */,
				A221CF422AD6DBC6005EB869 /* Main.storyboard */,
				A221CF502AD6EDAB005EB869 /* MainCollectionViewCell.swift */,
				A221CF512AD6EDAB005EB869 /* MainCollectionViewCell.xib */,
				A221CF452AD6DBC7005EB869 /* Assets.xcassets */,
				A221CF472AD6DBC7005EB869 /* LaunchScreen.storyboard */,
				A221CF4A2AD6DBC7005EB869 /* Info.plist */,
			);
			path = CustomCollectionViewPractice;
			sourceTree = "<group>";
		};
/* End PBXGroup section */

/* Begin PBXNativeTarget section */
		A221CF382AD6DBC6005EB869 /* CustomCollectionViewPractice */ = {
			isa = PBXNativeTarget;
			buildConfigurationList = A221CF4D2AD6DBC7005EB869 /* Build configuration list for PBXNativeTarget "CustomCollectionViewPractice" */;
			buildPhases = (
				A221CF352AD6DBC6005EB869 /* Sources */,
				A221CF362AD6DBC6005EB869 /* Frameworks */,
				A221CF372AD6DBC6005EB869 /* Resources */,
			);
			buildRules = (
			);
			dependencies = (
			);
			name = CustomCollectionViewPractice;
			productName = CustomCollectionViewPractice;
			productReference = A221CF392AD6DBC6005EB869 /* CustomCollectionViewPractice.app */;
			productType = "com.apple.product-type.application";
		};
/* End PBXNativeTarget section */

/* Begin PBXProject section */
		A221CF312AD6DBC6005EB869 /* Project object */ = {
			isa = PBXProject;
			attributes = {
				BuildIndependentTargetsInParallel = 1;
				LastSwiftUpdateCheck = 1410;
				LastUpgradeCheck = 1410;
				TargetAttributes = {
					A221CF382AD6DBC6005EB869 = {
						CreatedOnToolsVersion = 14.1;
					};
				};
			};
			buildConfigurationList = A221CF342AD6DBC6005EB869 /* Build configuration list for PBXProject "CustomCollectionViewPractice" */;
			compatibilityVersion = "Xcode 14.0";
			developmentRegion = en;
			hasScannedForEncodings = 0;
			knownRegions = (
				en,
				Base,
			);
			mainGroup = A221CF302AD6DBC6005EB869;
			productRefGroup = A221CF3A2AD6DBC6005EB869 /* Products */;
			projectDirPath = "";
			projectRoot = "";
			targets = (
				A221CF382AD6DBC6005EB869 /* CustomCollectionViewPractice */,
			);
		};
/* End PBXProject section */

/* Begin PBXResourcesBuildPhase section */
		A221CF372AD6DBC6005EB869 /* Resources */ = {
			isa = PBXResourcesBuildPhase;
			buildActionMask = 2147483647;
			files = (
				A221CF492AD6DBC7005EB869 /* LaunchScreen.storyboard in Resources */,
				A221CF462AD6DBC7005EB869 /* Assets.xcassets in Resources */,
				A221CF442AD6DBC6005EB869 /* Main.storyboard in Resources */,
				A221CF532AD6EDAB005EB869 /* MainCollectionViewCell.xib in Resources */,
			);
			runOnlyForDeploymentPostprocessing = 0;
		};
/* End PBXResourcesBuildPhase section */

/* Begin PBXSourcesBuildPhase section */
		A221CF352AD6DBC6005EB869 /* Sources */ = {
			isa = PBXSourcesBuildPhase;
			buildActionMask = 2147483647;
			files = (
				A221CF412AD6DBC6005EB869 /* ViewController.swift in Sources */,
				A221CF3D2AD6DBC6005EB869 /* AppDelegate.swift in Sources */,
				A221CF3F2AD6DBC6005EB869 /* SceneDelegate.swift in Sources */,
				A221CF522AD6EDAB005EB869 /* MainCollectionViewCell.swift in Sources */,
			);
			runOnlyForDeploymentPostprocessing = 0;
		};
/* End PBXSourcesBuildPhase section */

/* Begin PBXVariantGroup section */
		A221CF422AD6DBC6005EB869 /* Main.storyboard */ = {
			isa = PBXVariantGroup;
			children = (
				A221CF432AD6DBC6005EB869 /* Base */,
			);
			name = Main.storyboard;
			sourceTree = "<group>";
		};
		A221CF472AD6DBC7005EB869 /* LaunchScreen.storyboard */ = {
			isa = PBXVariantGroup;
			children = (
				A221CF482AD6DBC7005EB869 /* Base */,
			);
			name = LaunchScreen.storyboard;
			sourceTree = "<group>";
		};
/* End PBXVariantGroup section */

/* Begin XCBuildConfiguration section */
		A221CF4B2AD6DBC7005EB869 /* Debug */ = {
			isa = XCBuildConfiguration;
			buildSettings = {
				ALWAYS_SEARCH_USER_PATHS = NO;
				CLANG_ANALYZER_NONNULL = YES;
				CLANG_ANALYZER_NUMBER_OBJECT_CONVERSION = YES_AGGRESSIVE;
				CLANG_CXX_LANGUAGE_STANDARD = "gnu++20";
				CLANG_ENABLE_MODULES = YES;
				CLANG_ENABLE_OBJC_ARC = YES;
				CLANG_ENABLE_OBJC_WEAK = YES;
				CLANG_WARN_BLOCK_CAPTURE_AUTORELEASING = YES;
				CLANG_WARN_BOOL_CONVERSION = YES;
				CLANG_WARN_COMMA = YES;
				CLANG_WARN_CONSTANT_CONVERSION = YES;
				CLANG_WARN_DEPRECATED_OBJC_IMPLEMENTATIONS = YES;
				CLANG_WARN_DIRECT_OBJC_ISA_USAGE = YES_ERROR;
				CLANG_WARN_DOCUMENTATION_COMMENTS = YES;
				CLANG_WARN_EMPTY_BODY = YES;
				CLANG_WARN_ENUM_CONVERSION = YES;
				CLANG_WARN_INFINITE_RECURSION = YES;
				CLANG_WARN_INT_CONVERSION = YES;
				CLANG_WARN_NON_LITERAL_NULL_CONVERSION = YES;
				CLANG_WARN_OBJC_IMPLICIT_RETAIN_SELF = YES;
				CLANG_WARN_OBJC_LITERAL_CONVERSION = YES;
				CLANG_WARN_OBJC_ROOT_CLASS = YES_ERROR;
				CLANG_WARN_QUOTED_INCLUDE_IN_FRAMEWORK_HEADER = YES;
				CLANG_WARN_RANGE_LOOP_ANALYSIS = YES;
				CLANG_WARN_STRICT_PROTOTYPES = YES;
				CLANG_WARN_SUSPICIOUS_MOVE = YES;
				CLANG_WARN_UNGUARDED_AVAILABILITY = YES_AGGRESSIVE;
				CLANG_WARN_UNREACHABLE_CODE = YES;
				CLANG_WARN__DUPLICATE_METHOD_MATCH = YES;
				COPY_PHASE_STRIP = NO;
				DEBUG_INFORMATION_FORMAT = dwarf;
				ENABLE_STRICT_OBJC_MSGSEND = YES;
				ENABLE_TESTABILITY = YES;
				GCC_C_LANGUAGE_STANDARD = gnu11;
				GCC_DYNAMIC_NO_PIC = NO;
				GCC_NO_COMMON_BLOCKS = YES;
				GCC_OPTIMIZATION_LEVEL = 0;
				GCC_PREPROCESSOR_DEFINITIONS = (
					"DEBUG=1",
					"$(inherited)",
				);
				GCC_WARN_64_TO_32_BIT_CONVERSION = YES;
				GCC_WARN_ABOUT_RETURN_TYPE = YES_ERROR;
				GCC_WARN_UNDECLARED_SELECTOR = YES;
				GCC_WARN_UNINITIALIZED_AUTOS = YES_AGGRESSIVE;
				GCC_WARN_UNUSED_FUNCTION = YES;
				GCC_WARN_UNUSED_VARIABLE = YES;
				IPHONEOS_DEPLOYMENT_TARGET = 16.1;
				MTL_ENABLE_DEBUG_INFO = INCLUDE_SOURCE;
				MTL_FAST_MATH = YES;
				ONLY_ACTIVE_ARCH = YES;
				SDKROOT = iphoneos;
				SWIFT_ACTIVE_COMPILATION_CONDITIONS = DEBUG;
				SWIFT_OPTIMIZATION_LEVEL = "-Onone";
			};
			name = Debug;
		};
		A221CF4C2AD6DBC7005EB869 /* Release */ = {
			isa = XCBuildConfiguration;
			buildSettings = {
				ALWAYS_SEARCH_USER_PATHS = NO;
				CLANG_ANALYZER_NONNULL = YES;
				CLANG_ANALYZER_NUMBER_OBJECT_CONVERSION = YES_AGGRESSIVE;
				CLANG_CXX_LANGUAGE_STANDARD = "gnu++20";
				CLANG_ENABLE_MODULES = YES;
				CLANG_ENABLE_OBJC_ARC = YES;
				CLANG_ENABLE_OBJC_WEAK = YES;
				CLANG_WARN_BLOCK_CAPTURE_AUTORELEASING = YES;
				CLANG_WARN_BOOL_CONVERSION = YES;
				CLANG_WARN_COMMA = YES;
				CLANG_WARN_CONSTANT_CONVERSION = YES;
				CLANG_WARN_DEPRECATED_OBJC_IMPLEMENTATIONS = YES;
				CLANG_WARN_DIRECT_OBJC_ISA_USAGE = YES_ERROR;
				CLANG_WARN_DOCUMENTATION_COMMENTS = YES;
				CLANG_WARN_EMPTY_BODY = YES;
				CLANG_WARN_ENUM_CONVERSION = YES;
				CLANG_WARN_INFINITE_RECURSION = YES;
				CLANG_WARN_INT_CONVERSION = YES;
				CLANG_WARN_NON_LITERAL_NULL_CONVERSION = YES;
				CLANG_WARN_OBJC_IMPLICIT_RETAIN_SELF = YES;
				CLANG_WARN_OBJC_LITERAL_CONVERSION = YES;
				CLANG_WARN_OBJC_ROOT_CLASS = YES_ERROR;
				CLANG_WARN_QUOTED_INCLUDE_IN_FRAMEWORK_HEADER = YES;
				CLANG_WARN_RANGE_LOOP_ANALYSIS = YES;
				CLANG_WARN_STRICT_PROTOTYPES = YES;
				CLANG_WARN_SUSPICIOUS_MOVE = YES;
				CLANG_WARN_UNGUARDED_AVAILABILITY = YES_AGGRESSIVE;
				CLANG_WARN_UNREACHABLE_CODE = YES;
				CLANG_WARN__DUPLICATE_METHOD_MATCH = YES;
				COPY_PHASE_STRIP = NO;
				DEBUG_INFORMATION_FORMAT = "dwarf-with-dsym";
				ENABLE_NS_ASSERTIONS = NO;
				ENABLE_STRICT_OBJC_MSGSEND = YES;
				GCC_C_LANGUAGE_STANDARD = gnu11;
				GCC_NO_COMMON_BLOCKS = YES;
				GCC_WARN_64_TO_32_BIT_CONVERSION = YES;
				GCC_WARN_ABOUT_RETURN_TYPE = YES_ERROR;
				GCC_WARN_UNDECLARED_SELECTOR = YES;
				GCC_WARN_UNINITIALIZED_AUTOS = YES_AGGRESSIVE;
				GCC_WARN_UNUSED_FUNCTION = YES;
				GCC_WARN_UNUSED_VARIABLE = YES;
				IPHONEOS_DEPLOYMENT_TARGET = 16.1;
				MTL_ENABLE_DEBUG_INFO = NO;
				MTL_FAST_MATH = YES;
				SDKROOT = iphoneos;
				SWIFT_COMPILATION_MODE = wholemodule;
				SWIFT_OPTIMIZATION_LEVEL = "-O";
				VALIDATE_PRODUCT = YES;
			};
			name = Release;
		};
		A221CF4E2AD6DBC7005EB869 /* Debug */ = {
			isa = XCBuildConfiguration;
			buildSettings = {
				ASSETCATALOG_COMPILER_APPICON_NAME = AppIcon;
				ASSETCATALOG_COMPILER_GLOBAL_ACCENT_COLOR_NAME = AccentColor;
				CODE_SIGN_STYLE = Automatic;
				CURRENT_PROJECT_VERSION = 1;
				DEVELOPMENT_TEAM = J4X458RVHG;
				GENERATE_INFOPLIST_FILE = YES;
				INFOPLIST_FILE = CustomCollectionViewPractice/Info.plist;
				INFOPLIST_KEY_UIApplicationSupportsIndirectInputEvents = YES;
				INFOPLIST_KEY_UILaunchStoryboardName = LaunchScreen;
				INFOPLIST_KEY_UIMainStoryboardFile = Main;
				INFOPLIST_KEY_UISupportedInterfaceOrientations_iPad = "UIInterfaceOrientationPortrait UIInterfaceOrientationPortraitUpsideDown UIInterfaceOrientationLandscapeLeft UIInterfaceOrientationLandscapeRight";
				INFOPLIST_KEY_UISupportedInterfaceOrientations_iPhone = "UIInterfaceOrientationPortrait UIInterfaceOrientationLandscapeLeft UIInterfaceOrientationLandscapeRight";
				LD_RUNPATH_SEARCH_PATHS = (
					"$(inherited)",
					"@executable_path/Frameworks",
				);
				MARKETING_VERSION = 1.0;
				PRODUCT_BUNDLE_IDENTIFIER = com.choni.kim.CustomCollectionViewPractice;
				PRODUCT_NAME = "$(TARGET_NAME)";
				SWIFT_EMIT_LOC_STRINGS = YES;
				SWIFT_VERSION = 5.0;
				TARGETED_DEVICE_FAMILY = "1,2";
			};
			name = Debug;
		};
		A221CF4F2AD6DBC7005EB869 /* Release */ = {
			isa = XCBuildConfiguration;
			buildSettings = {
				ASSETCATALOG_COMPILER_APPICON_NAME = AppIcon;
				ASSETCATALOG_COMPILER_GLOBAL_ACCENT_COLOR_NAME = AccentColor;
				CODE_SIGN_STYLE = Automatic;
				CURRENT_PROJECT_VERSION = 1;
				DEVELOPMENT_TEAM = J4X458RVHG;
				GENERATE_INFOPLIST_FILE = YES;
				INFOPLIST_FILE = CustomCollectionViewPractice/Info.plist;
				INFOPLIST_KEY_UIApplicationSupportsIndirectInputEvents = YES;
				INFOPLIST_KEY_UILaunchStoryboardName = LaunchScreen;
				INFOPLIST_KEY_UIMainStoryboardFile = Main;
				INFOPLIST_KEY_UISupportedInterfaceOrientations_iPad = "UIInterfaceOrientationPortrait UIInterfaceOrientationPortraitUpsideDown UIInterfaceOrientationLandscapeLeft UIInterfaceOrientationLandscapeRight";
				INFOPLIST_KEY_UISupportedInterfaceOrientations_iPhone = "UIInterfaceOrientationPortrait UIInterfaceOrientationLandscapeLeft UIInterfaceOrientationLandscapeRight";
				LD_RUNPATH_SEARCH_PATHS = (
					"$(inherited)",
					"@executable_path/Frameworks",
				);
				MARKETING_VERSION = 1.0;
				PRODUCT_BUNDLE_IDENTIFIER = com.choni.kim.CustomCollectionViewPractice;
				PRODUCT_NAME = "$(TARGET_NAME)";
				SWIFT_EMIT_LOC_STRINGS = YES;
				SWIFT_VERSION = 5.0;
				TARGETED_DEVICE_FAMILY = "1,2";
			};
			name = Release;
		};
/* End XCBuildConfiguration section */

/* Begin XCConfigurationList section */
		A221CF342AD6DBC6005EB869 /* Build configuration list for PBXProject "CustomCollectionViewPractice" */ = {
			isa = XCConfigurationList;
			buildConfigurations = (
				A221CF4B2AD6DBC7005EB869 /* Debug */,
				A221CF4C2AD6DBC7005EB869 /* Release */,
			);
			defaultConfigurationIsVisible = 0;
			defaultConfigurationName = Release;
		};
		A221CF4D2AD6DBC7005EB869 /* Build configuration list for PBXNativeTarget "CustomCollectionViewPractice" */ = {
			isa = XCConfigurationList;
			buildConfigurations = (
				A221CF4E2AD6DBC7005EB869 /* Debug */,
				A221CF4F2AD6DBC7005EB869 /* Release */,
			);
			defaultConfigurationIsVisible = 0;
			defaultConfigurationName = Release;
		};
/* End XCConfigurationList section */
	};
	rootObject = A221CF312AD6DBC6005EB869 /* Project object */;
}
