// !$*UTF8*$!
{
	archiveVersion = 1;
	classes = {
	};
	objectVersion = 56;
	objects = {

/* Begin PBXBuildFile section */
		A2D28CEB2AD53C610032F4A8 /* AppDelegate.swift in Sources */ = {isa = PBXBuildFile; fileRef = A2D28CEA2AD53C610032F4A8 /* AppDelegate.swift */; };
		A2D28CED2AD53C610032F4A8 /* SceneDelegate.swift in Sources */ = {isa = PBXBuildFile; fileRef = A2D28CEC2AD53C610032F4A8 /* SceneDelegate.swift */; };
		A2D28CEF2AD53C610032F4A8 /* ViewController.swift in Sources */ = {isa = PBXBuildFile; fileRef = A2D28CEE2AD53C610032F4A8 /* ViewController.swift */; };
		A2D28CF22AD53C610032F4A8 /* Main.storyboard in Resources */ = {isa = PBXBuildFile; fileRef = A2D28CF02AD53C610032F4A8 /* Main.storyboard */; };
		A2D28CF42AD53C610032F4A8 /* Assets.xcassets in Resources */ = {isa = PBXBuildFile; fileRef = A2D28CF32AD53C610032F4A8 /* Assets.xcassets */; };
		A2D28CF72AD53C610032F4A8 /* LaunchScreen.storyboard in Resources */ = {isa = PBXBuildFile; fileRef = A2D28CF52AD53C610032F4A8 /* LaunchScreen.storyboard */; };
		A2D28D002AD53D130032F4A8 /* MainCollectionViewCell.swift in Sources */ = {isa = PBXBuildFile; fileRef = A2D28CFE2AD53D120032F4A8 /* MainCollectionViewCell.swift */; };
		A2D28D012AD53D130032F4A8 /* SubCollectionViewCell.swift in Sources */ = {isa = PBXBuildFile; fileRef = A2D28CFF2AD53D130032F4A8 /* SubCollectionViewCell.swift */; };
		DCBE34AE5316CC3E64CAD893 /* Pods_DoubleCVPractice.framework in Frameworks */ = {isa = PBXBuildFile; fileRef = CC4EBB4F9CCAE51B7308F026 /* Pods_DoubleCVPractice.framework */; };
/* End PBXBuildFile section */

/* Begin PBXFileReference section */
		A2D28CE72AD53C610032F4A8 /* DoubleCVPractice.app */ = {isa = PBXFileReference; explicitFileType = wrapper.application; includeInIndex = 0; path = DoubleCVPractice.app; sourceTree = BUILT_PRODUCTS_DIR; };
		A2D28CEA2AD53C610032F4A8 /* AppDelegate.swift */ = {isa = PBXFileReference; lastKnownFileType = sourcecode.swift; path = AppDelegate.swift; sourceTree = "<group>"; };
		A2D28CEC2AD53C610032F4A8 /* SceneDelegate.swift */ = {isa = PBXFileReference; lastKnownFileType = sourcecode.swift; path = SceneDelegate.swift; sourceTree = "<group>"; };
		A2D28CEE2AD53C610032F4A8 /* ViewController.swift */ = {isa = PBXFileReference; lastKnownFileType = sourcecode.swift; path = ViewController.swift; sourceTree = "<group>"; };
		A2D28CF12AD53C610032F4A8 /* Base */ = {isa = PBXFileReference; lastKnownFileType = file.storyboard; name = Base; path = Base.lproj/Main.storyboard; sourceTree = "<group>"; };
		A2D28CF32AD53C610032F4A8 /* Assets.xcassets */ = {isa = PBXFileReference; lastKnownFileType = folder.assetcatalog; path = Assets.xcassets; sourceTree = "<group>"; };
		A2D28CF62AD53C610032F4A8 /* Base */ = {isa = PBXFileReference; lastKnownFileType = file.storyboard; name = Base; path = Base.lproj/LaunchScreen.storyboard; sourceTree = "<group>"; };
		A2D28CF82AD53C610032F4A8 /* Info.plist */ = {isa = PBXFileReference; lastKnownFileType = text.plist.xml; path = Info.plist; sourceTree = "<group>"; };
		A2D28CFE2AD53D120032F4A8 /* MainCollectionViewCell.swift */ = {isa = PBXFileReference; fileEncoding = 4; lastKnownFileType = sourcecode.swift; path = MainCollectionViewCell.swift; sourceTree = "<group>"; };
		A2D28CFF2AD53D130032F4A8 /* SubCollectionViewCell.swift */ = {isa = PBXFileReference; fileEncoding = 4; lastKnownFileType = sourcecode.swift; path = SubCollectionViewCell.swift; sourceTree = "<group>"; };
		BA4024E6D61730735424A9A4 /* Pods-DoubleCVPractice.debug.xcconfig */ = {isa = PBXFileReference; includeInIndex = 1; lastKnownFileType = text.xcconfig; name = "Pods-DoubleCVPractice.debug.xcconfig"; path = "Target Support Files/Pods-DoubleCVPractice/Pods-DoubleCVPractice.debug.xcconfig"; sourceTree = "<group>"; };
		C518964B78CFB7B6E2CB98DF /* Pods-DoubleCVPractice.release.xcconfig */ = {isa = PBXFileReference; includeInIndex = 1; lastKnownFileType = text.xcconfig; name = "Pods-DoubleCVPractice.release.xcconfig"; path = "Target Support Files/Pods-DoubleCVPractice/Pods-DoubleCVPractice.release.xcconfig"; sourceTree = "<group>"; };
		CC4EBB4F9CCAE51B7308F026 /* Pods_DoubleCVPractice.framework */ = {isa = PBXFileReference; explicitFileType = wrapper.framework; includeInIndex = 0; path = Pods_DoubleCVPractice.framework; sourceTree = BUILT_PRODUCTS_DIR; };
/* End PBXFileReference section */

/* Begin PBXFrameworksBuildPhase section */
		A2D28CE42AD53C610032F4A8 /* Frameworks */ = {
			isa = PBXFrameworksBuildPhase;
			buildActionMask = 2147483647;
			files = (
				DCBE34AE5316CC3E64CAD893 /* Pods_DoubleCVPractice.framework in Frameworks */,
			);
			runOnlyForDeploymentPostprocessing = 0;
		};
/* End PBXFrameworksBuildPhase section */

/* Begin PBXGroup section */
		5D21CDC4086E76FC1B22B9B4 /* Pods */ = {
			isa = PBXGroup;
			children = (
				BA4024E6D61730735424A9A4 /* Pods-DoubleCVPractice.debug.xcconfig */,
				C518964B78CFB7B6E2CB98DF /* Pods-DoubleCVPractice.release.xcconfig */,
			);
			path = Pods;
			sourceTree = "<group>";
		};
		61C766DA9D6A8512420ECA90 /* Frameworks */ = {
			isa = PBXGroup;
			children = (
				CC4EBB4F9CCAE51B7308F026 /* Pods_DoubleCVPractice.framework */,
			);
			name = Frameworks;
			sourceTree = "<group>";
		};
		A2D28CDE2AD53C600032F4A8 = {
			isa = PBXGroup;
			children = (
				A2D28CE92AD53C610032F4A8 /* DoubleCVPractice */,
				A2D28CE82AD53C610032F4A8 /* Products */,
				5D21CDC4086E76FC1B22B9B4 /* Pods */,
				61C766DA9D6A8512420ECA90 /* Frameworks */,
			);
			sourceTree = "<group>";
		};
		A2D28CE82AD53C610032F4A8 /* Products */ = {
			isa = PBXGroup;
			children = (
				A2D28CE72AD53C610032F4A8 /* DoubleCVPractice.app */,
			);
			name = Products;
			sourceTree = "<group>";
		};
		A2D28CE92AD53C610032F4A8 /* DoubleCVPractice */ = {
			isa = PBXGroup;
			children = (
				A2D28CEA2AD53C610032F4A8 /* AppDelegate.swift */,
				A2D28CEC2AD53C610032F4A8 /* SceneDelegate.swift */,
				A2D28CEE2AD53C610032F4A8 /* ViewController.swift */,
				A2D28CFE2AD53D120032F4A8 /* MainCollectionViewCell.swift */,
				A2D28CFF2AD53D130032F4A8 /* SubCollectionViewCell.swift */,
				A2D28CF02AD53C610032F4A8 /* Main.storyboard */,
				A2D28CF32AD53C610032F4A8 /* Assets.xcassets */,
				A2D28CF52AD53C610032F4A8 /* LaunchScreen.storyboard */,
				A2D28CF82AD53C610032F4A8 /* Info.plist */,
			);
			path = DoubleCVPractice;
			sourceTree = "<group>";
		};
/* End PBXGroup section */

/* Begin PBXNativeTarget section */
		A2D28CE62AD53C610032F4A8 /* DoubleCVPractice */ = {
			isa = PBXNativeTarget;
			buildConfigurationList = A2D28CFB2AD53C610032F4A8 /* Build configuration list for PBXNativeTarget "DoubleCVPractice" */;
			buildPhases = (
				27F8F633CDC756998AC078B8 /* [CP] Check Pods Manifest.lock */,
				A2D28CE32AD53C610032F4A8 /* Sources */,
				A2D28CE42AD53C610032F4A8 /* Frameworks */,
				A2D28CE52AD53C610032F4A8 /* Resources */,
				3227BD245F9392C01F191D77 /* [CP] Embed Pods Frameworks */,
			);
			buildRules = (
			);
			dependencies = (
			);
			name = DoubleCVPractice;
			productName = DoubleCVPractice;
			productReference = A2D28CE72AD53C610032F4A8 /* DoubleCVPractice.app */;
			productType = "com.apple.product-type.application";
		};
/* End PBXNativeTarget section */

/* Begin PBXProject section */
		A2D28CDF2AD53C600032F4A8 /* Project object */ = {
			isa = PBXProject;
			attributes = {
				BuildIndependentTargetsInParallel = 1;
				LastSwiftUpdateCheck = 1410;
				LastUpgradeCheck = 1410;
				TargetAttributes = {
					A2D28CE62AD53C610032F4A8 = {
						CreatedOnToolsVersion = 14.1;
					};
				};
			};
			buildConfigurationList = A2D28CE22AD53C600032F4A8 /* Build configuration list for PBXProject "DoubleCVPractice" */;
			compatibilityVersion = "Xcode 14.0";
			developmentRegion = en;
			hasScannedForEncodings = 0;
			knownRegions = (
				en,
				Base,
			);
			mainGroup = A2D28CDE2AD53C600032F4A8;
			productRefGroup = A2D28CE82AD53C610032F4A8 /* Products */;
			projectDirPath = "";
			projectRoot = "";
			targets = (
				A2D28CE62AD53C610032F4A8 /* DoubleCVPractice */,
			);
		};
/* End PBXProject section */

/* Begin PBXResourcesBuildPhase section */
		A2D28CE52AD53C610032F4A8 /* Resources */ = {
			isa = PBXResourcesBuildPhase;
			buildActionMask = 2147483647;
			files = (
				A2D28CF72AD53C610032F4A8 /* LaunchScreen.storyboard in Resources */,
				A2D28CF42AD53C610032F4A8 /* Assets.xcassets in Resources */,
				A2D28CF22AD53C610032F4A8 /* Main.storyboard in Resources */,
			);
			runOnlyForDeploymentPostprocessing = 0;
		};
/* End PBXResourcesBuildPhase section */

/* Begin PBXShellScriptBuildPhase section */
		27F8F633CDC756998AC078B8 /* [CP] Check Pods Manifest.lock */ = {
			isa = PBXShellScriptBuildPhase;
			buildActionMask = 2147483647;
			files = (
			);
			inputFileListPaths = (
			);
			inputPaths = (
				"${PODS_PODFILE_DIR_PATH}/Podfile.lock",
				"${PODS_ROOT}/Manifest.lock",
			);
			name = "[CP] Check Pods Manifest.lock";
			outputFileListPaths = (
			);
			outputPaths = (
				"$(DERIVED_FILE_DIR)/Pods-DoubleCVPractice-checkManifestLockResult.txt",
			);
			runOnlyForDeploymentPostprocessing = 0;
			shellPath = /bin/sh;
			shellScript = "diff \"${PODS_PODFILE_DIR_PATH}/Podfile.lock\" \"${PODS_ROOT}/Manifest.lock\" > /dev/null\nif [ $? != 0 ] ; then\n    # print error to STDERR\n    echo \"error: The sandbox is not in sync with the Podfile.lock. Run 'pod install' or update your CocoaPods installation.\" >&2\n    exit 1\nfi\n# This output is used by Xcode 'outputs' to avoid re-running this script phase.\necho \"SUCCESS\" > \"${SCRIPT_OUTPUT_FILE_0}\"\n";
			showEnvVarsInLog = 0;
		};
		3227BD245F9392C01F191D77 /* [CP] Embed Pods Frameworks */ = {
			isa = PBXShellScriptBuildPhase;
			buildActionMask = 2147483647;
			files = (
			);
			inputFileListPaths = (
				"${PODS_ROOT}/Target Support Files/Pods-DoubleCVPractice/Pods-DoubleCVPractice-frameworks-${CONFIGURATION}-input-files.xcfilelist",
			);
			name = "[CP] Embed Pods Frameworks";
			outputFileListPaths = (
				"${PODS_ROOT}/Target Support Files/Pods-DoubleCVPractice/Pods-DoubleCVPractice-frameworks-${CONFIGURATION}-output-files.xcfilelist",
			);
			runOnlyForDeploymentPostprocessing = 0;
			shellPath = /bin/sh;
			shellScript = "\"${PODS_ROOT}/Target Support Files/Pods-DoubleCVPractice/Pods-DoubleCVPractice-frameworks.sh\"\n";
			showEnvVarsInLog = 0;
		};
/* End PBXShellScriptBuildPhase section */

/* Begin PBXSourcesBuildPhase section */
		A2D28CE32AD53C610032F4A8 /* Sources */ = {
			isa = PBXSourcesBuildPhase;
			buildActionMask = 2147483647;
			files = (
				A2D28CEF2AD53C610032F4A8 /* ViewController.swift in Sources */,
				A2D28D012AD53D130032F4A8 /* SubCollectionViewCell.swift in Sources */,
				A2D28CEB2AD53C610032F4A8 /* AppDelegate.swift in Sources */,
				A2D28CED2AD53C610032F4A8 /* SceneDelegate.swift in Sources */,
				A2D28D002AD53D130032F4A8 /* MainCollectionViewCell.swift in Sources */,
			);
			runOnlyForDeploymentPostprocessing = 0;
		};
/* End PBXSourcesBuildPhase section */

/* Begin PBXVariantGroup section */
		A2D28CF02AD53C610032F4A8 /* Main.storyboard */ = {
			isa = PBXVariantGroup;
			children = (
				A2D28CF12AD53C610032F4A8 /* Base */,
			);
			name = Main.storyboard;
			sourceTree = "<group>";
		};
		A2D28CF52AD53C610032F4A8 /* LaunchScreen.storyboard */ = {
			isa = PBXVariantGroup;
			children = (
				A2D28CF62AD53C610032F4A8 /* Base */,
			);
			name = LaunchScreen.storyboard;
			sourceTree = "<group>";
		};
/* End PBXVariantGroup section */

/* Begin XCBuildConfiguration section */
		A2D28CF92AD53C610032F4A8 /* Debug */ = {
			isa = XCBuildConfiguration;
			buildSettings = {
				ALWAYS_SEARCH_USER_PATHS = NO;
				CLANG_ANALYZER_NONNULL = YES;
				CLANG_ANALYZER_NUMBER_OBJECT_CONVERSION = YES_AGGRESSIVE;
				CLANG_CXX_LANGUAGE_STANDARD = "gnu++20";
				CLANG_ENABLE_MODULES = YES;
				CLANG_ENABLE_OBJC_ARC = YES;
				CLANG_ENABLE_OBJC_WEAK = YES;
				CLANG_WARN_BLOCK_CAPTURE_AUTORELEASING = YES;
				CLANG_WARN_BOOL_CONVERSION = YES;
				CLANG_WARN_COMMA = YES;
				CLANG_WARN_CONSTANT_CONVERSION = YES;
				CLANG_WARN_DEPRECATED_OBJC_IMPLEMENTATIONS = YES;
				CLANG_WARN_DIRECT_OBJC_ISA_USAGE = YES_ERROR;
				CLANG_WARN_DOCUMENTATION_COMMENTS = YES;
				CLANG_WARN_EMPTY_BODY = YES;
				CLANG_WARN_ENUM_CONVERSION = YES;
				CLANG_WARN_INFINITE_RECURSION = YES;
				CLANG_WARN_INT_CONVERSION = YES;
				CLANG_WARN_NON_LITERAL_NULL_CONVERSION = YES;
				CLANG_WARN_OBJC_IMPLICIT_RETAIN_SELF = YES;
				CLANG_WARN_OBJC_LITERAL_CONVERSION = YES;
				CLANG_WARN_OBJC_ROOT_CLASS = YES_ERROR;
				CLANG_WARN_QUOTED_INCLUDE_IN_FRAMEWORK_HEADER = YES;
				CLANG_WARN_RANGE_LOOP_ANALYSIS = YES;
				CLANG_WARN_STRICT_PROTOTYPES = YES;
				CLANG_WARN_SUSPICIOUS_MOVE = YES;
				CLANG_WARN_UNGUARDED_AVAILABILITY = YES_AGGRESSIVE;
				CLANG_WARN_UNREACHABLE_CODE = YES;
				CLANG_WARN__DUPLICATE_METHOD_MATCH = YES;
				COPY_PHASE_STRIP = NO;
				DEBUG_INFORMATION_FORMAT = dwarf;
				ENABLE_STRICT_OBJC_MSGSEND = YES;
				ENABLE_TESTABILITY = YES;
				GCC_C_LANGUAGE_STANDARD = gnu11;
				GCC_DYNAMIC_NO_PIC = NO;
				GCC_NO_COMMON_BLOCKS = YES;
				GCC_OPTIMIZATION_LEVEL = 0;
				GCC_PREPROCESSOR_DEFINITIONS = (
					"DEBUG=1",
					"$(inherited)",
				);
				GCC_WARN_64_TO_32_BIT_CONVERSION = YES;
				GCC_WARN_ABOUT_RETURN_TYPE = YES_ERROR;
				GCC_WARN_UNDECLARED_SELECTOR = YES;
				GCC_WARN_UNINITIALIZED_AUTOS = YES_AGGRESSIVE;
				GCC_WARN_UNUSED_FUNCTION = YES;
				GCC_WARN_UNUSED_VARIABLE = YES;
				IPHONEOS_DEPLOYMENT_TARGET = 16.1;
				MTL_ENABLE_DEBUG_INFO = INCLUDE_SOURCE;
				MTL_FAST_MATH = YES;
				ONLY_ACTIVE_ARCH = YES;
				SDKROOT = iphoneos;
				SWIFT_ACTIVE_COMPILATION_CONDITIONS = DEBUG;
				SWIFT_OPTIMIZATION_LEVEL = "-Onone";
			};
			name = Debug;
		};
		A2D28CFA2AD53C610032F4A8 /* Release */ = {
			isa = XCBuildConfiguration;
			buildSettings = {
				ALWAYS_SEARCH_USER_PATHS = NO;
				CLANG_ANALYZER_NONNULL = YES;
				CLANG_ANALYZER_NUMBER_OBJECT_CONVERSION = YES_AGGRESSIVE;
				CLANG_CXX_LANGUAGE_STANDARD = "gnu++20";
				CLANG_ENABLE_MODULES = YES;
				CLANG_ENABLE_OBJC_ARC = YES;
				CLANG_ENABLE_OBJC_WEAK = YES;
				CLANG_WARN_BLOCK_CAPTURE_AUTORELEASING = YES;
				CLANG_WARN_BOOL_CONVERSION = YES;
				CLANG_WARN_COMMA = YES;
				CLANG_WARN_CONSTANT_CONVERSION = YES;
				CLANG_WARN_DEPRECATED_OBJC_IMPLEMENTATIONS = YES;
				CLANG_WARN_DIRECT_OBJC_ISA_USAGE = YES_ERROR;
				CLANG_WARN_DOCUMENTATION_COMMENTS = YES;
				CLANG_WARN_EMPTY_BODY = YES;
				CLANG_WARN_ENUM_CONVERSION = YES;
				CLANG_WARN_INFINITE_RECURSION = YES;
				CLANG_WARN_INT_CONVERSION = YES;
				CLANG_WARN_NON_LITERAL_NULL_CONVERSION = YES;
				CLANG_WARN_OBJC_IMPLICIT_RETAIN_SELF = YES;
				CLANG_WARN_OBJC_LITERAL_CONVERSION = YES;
				CLANG_WARN_OBJC_ROOT_CLASS = YES_ERROR;
				CLANG_WARN_QUOTED_INCLUDE_IN_FRAMEWORK_HEADER = YES;
				CLANG_WARN_RANGE_LOOP_ANALYSIS = YES;
				CLANG_WARN_STRICT_PROTOTYPES = YES;
				CLANG_WARN_SUSPICIOUS_MOVE = YES;
				CLANG_WARN_UNGUARDED_AVAILABILITY = YES_AGGRESSIVE;
				CLANG_WARN_UNREACHABLE_CODE = YES;
				CLANG_WARN__DUPLICATE_METHOD_MATCH = YES;
				COPY_PHASE_STRIP = NO;
				DEBUG_INFORMATION_FORMAT = "dwarf-with-dsym";
				ENABLE_NS_ASSERTIONS = NO;
				ENABLE_STRICT_OBJC_MSGSEND = YES;
				GCC_C_LANGUAGE_STANDARD = gnu11;
				GCC_NO_COMMON_BLOCKS = YES;
				GCC_WARN_64_TO_32_BIT_CONVERSION = YES;
				GCC_WARN_ABOUT_RETURN_TYPE = YES_ERROR;
				GCC_WARN_UNDECLARED_SELECTOR = YES;
				GCC_WARN_UNINITIALIZED_AUTOS = YES_AGGRESSIVE;
				GCC_WARN_UNUSED_FUNCTION = YES;
				GCC_WARN_UNUSED_VARIABLE = YES;
				IPHONEOS_DEPLOYMENT_TARGET = 16.1;
				MTL_ENABLE_DEBUG_INFO = NO;
				MTL_FAST_MATH = YES;
				SDKROOT = iphoneos;
				SWIFT_COMPILATION_MODE = wholemodule;
				SWIFT_OPTIMIZATION_LEVEL = "-O";
				VALIDATE_PRODUCT = YES;
			};
			name = Release;
		};
		A2D28CFC2AD53C610032F4A8 /* Debug */ = {
			isa = XCBuildConfiguration;
			baseConfigurationReference = BA4024E6D61730735424A9A4 /* Pods-DoubleCVPractice.debug.xcconfig */;
			buildSettings = {
				ASSETCATALOG_COMPILER_APPICON_NAME = AppIcon;
				ASSETCATALOG_COMPILER_GLOBAL_ACCENT_COLOR_NAME = AccentColor;
				CODE_SIGN_STYLE = Automatic;
				CURRENT_PROJECT_VERSION = 1;
				DEVELOPMENT_TEAM = J4X458RVHG;
				GENERATE_INFOPLIST_FILE = YES;
				INFOPLIST_FILE = DoubleCVPractice/Info.plist;
				INFOPLIST_KEY_UIApplicationSupportsIndirectInputEvents = YES;
				INFOPLIST_KEY_UILaunchStoryboardName = LaunchScreen;
				INFOPLIST_KEY_UIMainStoryboardFile = Main;
				INFOPLIST_KEY_UISupportedInterfaceOrientations_iPad = "UIInterfaceOrientationPortrait UIInterfaceOrientationPortraitUpsideDown UIInterfaceOrientationLandscapeLeft UIInterfaceOrientationLandscapeRight";
				INFOPLIST_KEY_UISupportedInterfaceOrientations_iPhone = "UIInterfaceOrientationPortrait UIInterfaceOrientationLandscapeLeft UIInterfaceOrientationLandscapeRight";
				LD_RUNPATH_SEARCH_PATHS = (
					"$(inherited)",
					"@executable_path/Frameworks",
				);
				MARKETING_VERSION = 1.0;
				PRODUCT_BUNDLE_IDENTIFIER = com.choni.kim.DoubleCVPractice;
				PRODUCT_NAME = "$(TARGET_NAME)";
				SWIFT_EMIT_LOC_STRINGS = YES;
				SWIFT_VERSION = 5.0;
				TARGETED_DEVICE_FAMILY = "1,2";
			};
			name = Debug;
		};
		A2D28CFD2AD53C610032F4A8 /* Release */ = {
			isa = XCBuildConfiguration;
			baseConfigurationReference = C518964B78CFB7B6E2CB98DF /* Pods-DoubleCVPractice.release.xcconfig */;
			buildSettings = {
				ASSETCATALOG_COMPILER_APPICON_NAME = AppIcon;
				ASSETCATALOG_COMPILER_GLOBAL_ACCENT_COLOR_NAME = AccentColor;
				CODE_SIGN_STYLE = Automatic;
				CURRENT_PROJECT_VERSION = 1;
				DEVELOPMENT_TEAM = J4X458RVHG;
				GENERATE_INFOPLIST_FILE = YES;
				INFOPLIST_FILE = DoubleCVPractice/Info.plist;
				INFOPLIST_KEY_UIApplicationSupportsIndirectInputEvents = YES;
				INFOPLIST_KEY_UILaunchStoryboardName = LaunchScreen;
				INFOPLIST_KEY_UIMainStoryboardFile = Main;
				INFOPLIST_KEY_UISupportedInterfaceOrientations_iPad = "UIInterfaceOrientationPortrait UIInterfaceOrientationPortraitUpsideDown UIInterfaceOrientationLandscapeLeft UIInterfaceOrientationLandscapeRight";
				INFOPLIST_KEY_UISupportedInterfaceOrientations_iPhone = "UIInterfaceOrientationPortrait UIInterfaceOrientationLandscapeLeft UIInterfaceOrientationLandscapeRight";
				LD_RUNPATH_SEARCH_PATHS = (
					"$(inherited)",
					"@executable_path/Frameworks",
				);
				MARKETING_VERSION = 1.0;
				PRODUCT_BUNDLE_IDENTIFIER = com.choni.kim.DoubleCVPractice;
				PRODUCT_NAME = "$(TARGET_NAME)";
				SWIFT_EMIT_LOC_STRINGS = YES;
				SWIFT_VERSION = 5.0;
				TARGETED_DEVICE_FAMILY = "1,2";
			};
			name = Release;
		};
/* End XCBuildConfiguration section */

/* Begin XCConfigurationList section */
		A2D28CE22AD53C600032F4A8 /* Build configuration list for PBXProject "DoubleCVPractice" */ = {
			isa = XCConfigurationList;
			buildConfigurations = (
				A2D28CF92AD53C610032F4A8 /* Debug */,
				A2D28CFA2AD53C610032F4A8 /* Release */,
			);
			defaultConfigurationIsVisible = 0;
			defaultConfigurationName = Release;
		};
		A2D28CFB2AD53C610032F4A8 /* Build configuration list for PBXNativeTarget "DoubleCVPractice" */ = {
			isa = XCConfigurationList;
			buildConfigurations = (
				A2D28CFC2AD53C610032F4A8 /* Debug */,
				A2D28CFD2AD53C610032F4A8 /* Release */,
			);
			defaultConfigurationIsVisible = 0;
			defaultConfigurationName = Release;
		};
/* End XCConfigurationList section */
	};
	rootObject = A2D28CDF2AD53C600032F4A8 /* Project object */;
}
